
Microsoft Visual Studio Solution File, Format Version 12.00
# Visual Studio Version 17
VisualStudioVersion = 17.11.35327.3
MinimumVisualStudioVersion = 10.0.40219.1
Project("{9A19103F-16F7-4668-BE54-9A1E7A4F7556}") = "CoworkingReservationSystem", "CoworkingReservationSystem.csproj", "{25B0F0DE-4895-43B3-A5EF-F8DED58F0107}"
EndProject
Global
	GlobalSection(SolutionConfigurationPlatforms) = preSolution
		Debug|Any CPU = Debug|Any CPU
		Release|Any CPU = Release|Any CPU
	EndGlobalSection
	GlobalSection(ProjectConfigurationPlatforms) = postSolution
		{25B0F0DE-4895-43B3-A5EF-F8DED58F0107}.Debug|Any CPU.ActiveCfg = Debug|Any CPU
		{25B0F0DE-4895-43B3-A5EF-F8DED58F0107}.Debug|Any CPU.Build.0 = Debug|Any CPU
		{25B0F0DE-4895-43B3-A5EF-F8DED58F0107}.Release|Any CPU.ActiveCfg = Release|Any CPU
		{25B0F0DE-4895-43B3-A5EF-F8DED58F0107}.Release|Any CPU.Build.0 = Release|Any CPU
	EndGlobalSection
	GlobalSection(SolutionProperties) = preSolution
		HideSolutionNode = FALSE
	EndGlobalSection
	GlobalSection(ExtensibilityGlobals) = postSolution
		SolutionGuid = {66BB8083-9CF4-4840-8F16-307E10C14552}
	EndGlobalSection
EndGlobal
